
Microsoft Visual Studio Solution File, Format Version 12.00
# Visual Studio Version 17
VisualStudioVersion = 17.3.32929.385
MinimumVisualStudioVersion = 10.0.40219.1
Project("{FAE04EC0-301F-11D3-BF4B-00C04F79EFBC}") = "ConsoleGame", "ConsoleGame\ConsoleGame.csproj", "{4D5A5DE4-E79C-4E92-A44F-DFC772901DCF}"
EndProject
Global
	GlobalSection(SolutionConfigurationPlatforms) = preSolution
		Debug|Any CPU = Debug|Any CPU
		Release|Any CPU = Release|Any CPU
	EndGlobalSection
	GlobalSection(ProjectConfigurationPlatforms) = postSolution
		{4D5A5DE4-E79C-4E92-A44F-DFC772901DCF}.Debug|Any CPU.ActiveCfg = Debug|Any CPU
		{4D5A5DE4-E79C-4E92-A44F-DFC772901DCF}.Debug|Any CPU.Build.0 = Debug|Any CPU
		{4D5A5DE4-E79C-4E92-A44F-DFC772901DCF}.Release|Any CPU.ActiveCfg = Release|Any CPU
		{4D5A5DE4-E79C-4E92-A44F-DFC772901DCF}.Release|Any CPU.Build.0 = Release|Any CPU
	EndGlobalSection
	GlobalSection(SolutionProperties) = preSolution
		HideSolutionNode = FALSE
	EndGlobalSection
	GlobalSection(ExtensibilityGlobals) = postSolution
		SolutionGuid = {D31D6A20-1D29-48AD-89D9-BC76C6FB8E1E}
	EndGlobalSection
EndGlobal
